<?xml version="1.0" encoding="utf-8"?>
<Project ToolsVersion="4.0" xmlns="http://schemas.microsoft.com/developer/msbuild/2003">
  <ItemGroup>
    <ClCompile Include="..\..\source\controllers\PPActionController.cpp" />
    <ClCompile Include="..\..\source\controllers\PPGameStateController.cpp" />
    <ClCompile Include="..\..\source\controllers\PPGlobalConfigController.cpp" />
    <ClCompile Include="..\..\source\controllers\PPInputController.cpp" />
    <ClCompile Include="..\..\source\main.cpp" />
    <ClCompile Include="..\..\source\PPApp.cpp" />
    <ClCompile Include="..\..\source\scenes\gameplay\PPCanvas.cpp" />
    <ClCompile Include="..\..\source\scenes\gameplay\PPCanvasBlock.cpp" />
    <ClCompile Include="..\..\source\scenes\gameplay\PPColorPaletteView.cpp" />
    <ClCompile Include="..\..\source\scenes\gameplay\PPGlobalTimer.cpp" />
    <ClCompile Include="..\..\source\scenes\gameplay\PPColorPalette.cpp" />
    <ClCompile Include="..\..\source\scenes\gameplay\PPColorStrip.cpp" />
    <ClCompile Include="..\..\source\scenes\gameplay\PPGameScene.cpp" />
    <ClCompile Include="..\..\source\scenes\level\PPLevelSelectScene.cpp" />
    <ClCompile Include="..\..\source\scenes\gameplay\PPSplashEffect.cpp" />
    <ClCompile Include="..\..\source\scenes\loading\PPLoadingScene.cpp" />
    <ClCompile Include="..\..\source\scenes\menu\PPMenuScene.cpp" />
    <ClCompile Include="..\..\source\scenes\pause\PPPauseScene.cpp" />
    <ClCompile Include="..\..\source\utils\PPAnimation.cpp" />
    <ClCompile Include="..\..\source\utils\PPTimer.cpp" />
    <ClCompile Include="..\..\source\utils\PPRandom.cpp" />
  </ItemGroup>
  <ItemGroup>
    <ClInclude Include="..\..\source\controllers\PPActionController.h" />
    <ClInclude Include="..\..\source\controllers\PPGameStateController.h" />
    <ClInclude Include="..\..\source\controllers\PPGlobalConfigController.h" />
    <ClInclude Include="..\..\source\controllers\PPInputController.h" />
    <ClInclude Include="..\..\source\models\PPGameState.h" />
    <ClInclude Include="..\..\source\PPApp.h" />
    <ClInclude Include="..\..\source\scenes\gameplay\PPCanvas.h" />
    <ClInclude Include="..\..\source\scenes\gameplay\PPCanvasBlock.h" />
    <ClInclude Include="..\..\source\scenes\gameplay\PPColorPaletteView.h" />
    <ClInclude Include="..\..\source\scenes\gameplay\PPGlobalTimer.h" />
    <ClInclude Include="..\..\source\scenes\gameplay\PPColorPalette.h" />
    <ClInclude Include="..\..\source\scenes\gameplay\PPColorStrip.h" />
    <ClInclude Include="..\..\source\scenes\gameplay\PPGameScene.h" />
    <ClInclude Include="..\..\source\scenes\level\PPLevelSelectScene.h" />
    <ClInclude Include="..\..\source\scenes\gameplay\PPSplashEffect.h" />
    <ClInclude Include="..\..\source\scenes\loading\PPLoadingScene.h" />
    <ClInclude Include="..\..\source\scenes\menu\PPMenuScene.h" />
    <ClInclude Include="..\..\source\scenes\pause\PPPauseScene.h" />
    <ClInclude Include="..\..\source\utils\PPAnimation.h" />
    <ClInclude Include="..\..\source\utils\PPHeader.h" />
    <ClInclude Include="..\..\source\utils\PPTimer.h" />
    <ClInclude Include="..\..\source\utils\PPTypeDefs.h" />
    <ClInclude Include="..\..\source\utils\PPRandom.h" />
  </ItemGroup>
  <ItemGroup>
    <ResourceCompile Include="PanicPainter.rc" />
  </ItemGroup>
  <ItemGroup>
    <Image Include="icon1.ico" />
  </ItemGroup>
</Project>